<?xml version="1.0" encoding="utf-8"?>
<Project ToolsVersion="4.0" xmlns="http://schemas.microsoft.com/developer/msbuild/2003">
  <ItemGroup>
    <ClCompile Include="..\Headers\API\PIMain.cpp" />
    <ClCompile Include="..\sources\TagCheckerPI.cpp" />
    <ClCompile Include="..\sources\TagCheckerPIInit.cpp" />
    <ClCompile Include="StdAfx.cpp">
      <Filter>Win</Filter>
    </ClCompile>
    <ClCompile Include="TagCheckerDlg.cpp">
      <Filter>Win</Filter>
    </ClCompile>
    <ClCompile Include="TagCheckerPIApp.cpp">
      <Filter>Win</Filter>
    </ClCompile>
  </ItemGroup>
  <ItemGroup>
    <ClInclude Include="..\sources\TagCheckerPI.h" />
    <ClInclude Include="resource.h">
      <Filter>Win</Filter>
    </ClInclude>
    <ClInclude Include="StdAfx.h">
      <Filter>Win</Filter>
    </ClInclude>
    <ClInclude Include="TagCheckerDlg.h">
      <Filter>Win</Filter>
    </ClInclude>
    <ClInclude Include="TagCheckerPIApp.h">
      <Filter>Win</Filter>
    </ClInclude>
  </ItemGroup>
  <ItemGroup>
    <Filter Include="Win">
      <UniqueIdentifier>{194bef95-0753-4d0b-868d-3a70344ef617}</UniqueIdentifier>
    </Filter>
  </ItemGroup>
  <ItemGroup>
    <ResourceCompile Include="TagCheckerPI.rc">
      <Filter>Win</Filter>
    </ResourceCompile>
  </ItemGroup>
</Project>